
Microsoft Visual Studio Solution File, Format Version 12.00
# Visual Studio Version 16
VisualStudioVersion = 16.0.30406.217
MinimumVisualStudioVersion = 10.0.40219.1
Project("{FAE04EC0-301F-11D3-BF4B-00C04F79EFBC}") = "KonditalProgram-H2", "KonditalProgram-H2.csproj", "{5F0F59D0-6A36-4427-8E12-633F439476FE}"
EndProject
Global
	GlobalSection(SolutionConfigurationPlatforms) = preSolution
		Debug|Any CPU = Debug|Any CPU
		Release|Any CPU = Release|Any CPU
	EndGlobalSection
	GlobalSection(ProjectConfigurationPlatforms) = postSolution
		{5F0F59D0-6A36-4427-8E12-633F439476FE}.Debug|Any CPU.ActiveCfg = Debug|Any CPU
		{5F0F59D0-6A36-4427-8E12-633F439476FE}.Debug|Any CPU.Build.0 = Debug|Any CPU
		{5F0F59D0-6A36-4427-8E12-633F439476FE}.Release|Any CPU.ActiveCfg = Release|Any CPU
		{5F0F59D0-6A36-4427-8E12-633F439476FE}.Release|Any CPU.Build.0 = Release|Any CPU
	EndGlobalSection
	GlobalSection(SolutionProperties) = preSolution
		HideSolutionNode = FALSE
	EndGlobalSection
	GlobalSection(ExtensibilityGlobals) = postSolution
		SolutionGuid = {CC277EFB-FB10-4955-8BD9-EB6F07D10E1D}
	EndGlobalSection
EndGlobal
